github.com/akshaybharambe14/go-jsonc v1.0.0 h1:kRlZA2+aj/sW64MpKXO6jh83PQd2hPBWXLONDNiamdY=
github.com/akshaybharambe14/go-jsonc v1.0.0/go.mod h1:GbNZ8I2Hnjs8r9XilRTid0hGgQDU59noO2csl4ItxXk=
github.com/allan-simon/go-singleinstance v0.0.0-20210120080615-d0997106ab37 h1:28uU3TtuvQ6KRndxg9TrC868jBWmSKgh0GTXkACCXmA=
github.com/allan-simon/go-singleinstance v0.0.0-20210120080615-d0997106ab37/go.mod h1:6AXRstqK+32jeFmw89QGL2748+dj34Av4xc/I9oo9BY=
github.com/dlasky/gotk3-layershell v0.0.0-20240515133811-5c5115f0d774 h1:o87OVL4olQBlVwN3+NSVQpS6gj9FWUYtxOfHXWZigUE=
github.com/dlasky/gotk3-layershell v0.0.0-20240515133811-5c5115f0d774/go.mod h1:JHLx2Wz4mAPVwn4PFhC69ydwyHP4A3wQvlg7HKVVc1U=
github.com/goccy/go-json v0.10.3 h1:KZ5WoDbxAIgm2HNbYckL0se1fHD6rz5j4ywS6ebzDqA=
github.com/goccy/go-json v0.10.3/go.mod h1:oq7eo15ShAhp70Anwd5lgX2pLfOS3QCiwU/PULtXL6M=
github.com/gotk3/gotk3 v0.6.1/go.mod h1:/hqFpkNa9T3JgNAE2fLvCdov7c5bw//FHNZrZ3Uv9/Q=
github.com/gotk3/gotk3 v0.6.3 h1:+Ke4WkM1TQUNOlM2TZH6szqknqo+zNbX3BZWVXjSHYw=
github.com/gotk3/gotk3 v0.6.3/go.mod h1:/hqFpkNa9T3JgNAE2fLvCdov7c5bw//FHNZrZ3Uv9/Q=
github.com/pkg/errors v0.9.1 h1:FEBLx1zS214owpjy7qsBeixbURkuhQAwrK5UwLGTwt4=
github.com/pkg/errors v0.9.1/go.mod h1:bwawxfHBFNV+L2hUp1rHADufV3IMtnDRdf1r5NINEl0=
muzzammil.xyz/jsonc v0.0.0-20190906142622-1265e9b150c6/go.mod h1:rFv8tUUKe+QLh7v02BhfxXEf4ZHhYD7unR93HL/1Uvo=
